
Microsoft Visual Studio Solution File, Format Version 12.00
# Visual Studio 15
VisualStudioVersion = 15.0.28307.572
MinimumVisualStudioVersion = 10.0.40219.1
Project("{FAE04EC0-301F-11D3-BF4B-00C04F79EFBC}") = "Juego.Android", "Juego\Juego.Android\Juego.Android.csproj", "{31014AEA-B5CB-4836-B3CF-507E06311F49}"
EndProject
Project("{FAE04EC0-301F-11D3-BF4B-00C04F79EFBC}") = "Juego.iOS", "Juego\Juego.iOS\Juego.iOS.csproj", "{D8C87412-7F5C-4844-8012-0DB7386DD9E3}"
EndProject
Project("{FAE04EC0-301F-11D3-BF4B-00C04F79EFBC}") = "Juego.UWP", "Juego\Juego.UWP\Juego.UWP.csproj", "{03CFBC08-7AAD-4000-9D1C-639DE6AEDEE0}"
EndProject
Project("{FAE04EC0-301F-11D3-BF4B-00C04F79EFBC}") = "Juego", "Juego\Juego\Juego.csproj", "{AAC19F77-1CCF-4AE0-8552-E5D1E3D4F882}"
EndProject
Global
	GlobalSection(SolutionConfigurationPlatforms) = preSolution
		Ad-Hoc|Any CPU = Ad-Hoc|Any CPU
		Ad-Hoc|ARM = Ad-Hoc|ARM
		Ad-Hoc|iPhone = Ad-Hoc|iPhone
		Ad-Hoc|iPhoneSimulator = Ad-Hoc|iPhoneSimulator
		Ad-Hoc|x64 = Ad-Hoc|x64
		Ad-Hoc|x86 = Ad-Hoc|x86
		AppStore|Any CPU = AppStore|Any CPU
		AppStore|ARM = AppStore|ARM
		AppStore|iPhone = AppStore|iPhone
		AppStore|iPhoneSimulator = AppStore|iPhoneSimulator
		AppStore|x64 = AppStore|x64
		AppStore|x86 = AppStore|x86
		Debug|Any CPU = Debug|Any CPU
		Debug|ARM = Debug|ARM
		Debug|iPhone = Debug|iPhone
		Debug|iPhoneSimulator = Debug|iPhoneSimulator
		Debug|x64 = Debug|x64
		Debug|x86 = Debug|x86
		Release|Any CPU = Release|Any CPU
		Release|ARM = Release|ARM
		Release|iPhone = Release|iPhone
		Release|iPhoneSimulator = Release|iPhoneSimulator
		Release|x64 = Release|x64
		Release|x86 = Release|x86
	EndGlobalSection
	GlobalSection(ProjectConfigurationPlatforms) = postSolution
		{31014AEA-B5CB-4836-B3CF-507E06311F49}.Ad-Hoc|Any CPU.ActiveCfg = Release|Any CPU
		{31014AEA-B5CB-4836-B3CF-507E06311F49}.Ad-Hoc|Any CPU.Build.0 = Release|Any CPU
		{31014AEA-B5CB-4836-B3CF-507E06311F49}.Ad-Hoc|Any CPU.Deploy.0 = Release|Any CPU
		{31014AEA-B5CB-4836-B3CF-507E06311F49}.Ad-Hoc|ARM.ActiveCfg = Release|Any CPU
		{31014AEA-B5CB-4836-B3CF-507E06311F49}.Ad-Hoc|ARM.Build.0 = Release|Any CPU
		{31014AEA-B5CB-4836-B3CF-507E06311F49}.Ad-Hoc|ARM.Deploy.0 = Release|Any CPU
		{31014AEA-B5CB-4836-B3CF-507E06311F49}.Ad-Hoc|iPhone.ActiveCfg = Release|Any CPU
		{31014AEA-B5CB-4836-B3CF-507E06311F49}.Ad-Hoc|iPhone.Build.0 = Release|Any CPU
		{31014AEA-B5CB-4836-B3CF-507E06311F49}.Ad-Hoc|iPhone.Deploy.0 = Release|Any CPU
		{31014AEA-B5CB-4836-B3CF-507E06311F49}.Ad-Hoc|iPhoneSimulator.ActiveCfg = Release|Any CPU
		{31014AEA-B5CB-4836-B3CF-507E06311F49}.Ad-Hoc|iPhoneSimulator.Build.0 = Release|Any CPU
		{31014AEA-B5CB-4836-B3CF-507E06311F49}.Ad-Hoc|iPhoneSimulator.Deploy.0 = Release|Any CPU
		{31014AEA-B5CB-4836-B3CF-507E06311F49}.Ad-Hoc|x64.ActiveCfg = Release|Any CPU
		{31014AEA-B5CB-4836-B3CF-507E06311F49}.Ad-Hoc|x64.Build.0 = Release|Any CPU
		{31014AEA-B5CB-4836-B3CF-507E06311F49}.Ad-Hoc|x64.Deploy.0 = Release|Any CPU
		{31014AEA-B5CB-4836-B3CF-507E06311F49}.Ad-Hoc|x86.ActiveCfg = Release|Any CPU
		{31014AEA-B5CB-4836-B3CF-507E06311F49}.Ad-Hoc|x86.Build.0 = Release|Any CPU
		{31014AEA-B5CB-4836-B3CF-507E06311F49}.Ad-Hoc|x86.Deploy.0 = Release|Any CPU
		{31014AEA-B5CB-4836-B3CF-507E06311F49}.AppStore|Any CPU.ActiveCfg = Release|Any CPU
		{31014AEA-B5CB-4836-B3CF-507E06311F49}.AppStore|Any CPU.Build.0 = Release|Any CPU
		{31014AEA-B5CB-4836-B3CF-507E06311F49}.AppStore|Any CPU.Deploy.0 = Release|Any CPU
		{31014AEA-B5CB-4836-B3CF-507E06311F49}.AppStore|ARM.ActiveCfg = Release|Any CPU
		{31014AEA-B5CB-4836-B3CF-507E06311F49}.AppStore|ARM.Build.0 = Release|Any CPU
		{31014AEA-B5CB-4836-B3CF-507E06311F49}.AppStore|ARM.Deploy.0 = Release|Any CPU
		{31014AEA-B5CB-4836-B3CF-507E06311F49}.AppStore|iPhone.ActiveCfg = Release|Any CPU
		{31014AEA-B5CB-4836-B3CF-507E06311F49}.AppStore|iPhone.Build.0 = Release|Any CPU
		{31014AEA-B5CB-4836-B3CF-507E06311F49}.AppStore|iPhone.Deploy.0 = Release|Any CPU
		{31014AEA-B5CB-4836-B3CF-507E06311F49}.AppStore|iPhoneSimulator.ActiveCfg = Release|Any CPU
		{31014AEA-B5CB-4836-B3CF-507E06311F49}.AppStore|iPhoneSimulator.Build.0 = Release|Any CPU
		{31014AEA-B5CB-4836-B3CF-507E06311F49}.AppStore|iPhoneSimulator.Deploy.0 = Release|Any CPU
		{31014AEA-B5CB-4836-B3CF-507E06311F49}.AppStore|x64.ActiveCfg = Release|Any CPU
		{31014AEA-B5CB-4836-B3CF-507E06311F49}.AppStore|x64.Build.0 = Release|Any CPU
		{31014AEA-B5CB-4836-B3CF-507E06311F49}.AppStore|x64.Deploy.0 = Release|Any CPU
		{31014AEA-B5CB-4836-B3CF-507E06311F49}.AppStore|x86.ActiveCfg = Release|Any CPU
		{31014AEA-B5CB-4836-B3CF-507E06311F49}.AppStore|x86.Build.0 = Release|Any CPU
		{31014AEA-B5CB-4836-B3CF-507E06311F49}.AppStore|x86.Deploy.0 = Release|Any CPU
		{31014AEA-B5CB-4836-B3CF-507E06311F49}.Debug|Any CPU.ActiveCfg = Debug|Any CPU
		{31014AEA-B5CB-4836-B3CF-507E06311F49}.Debug|Any CPU.Build.0 = Debug|Any CPU
		{31014AEA-B5CB-4836-B3CF-507E06311F49}.Debug|Any CPU.Deploy.0 = Debug|Any CPU
		{31014AEA-B5CB-4836-B3CF-507E06311F49}.Debug|ARM.ActiveCfg = Debug|Any CPU
		{31014AEA-B5CB-4836-B3CF-507E06311F49}.Debug|ARM.Build.0 = Debug|Any CPU
		{31014AEA-B5CB-4836-B3CF-507E06311F49}.Debug|ARM.Deploy.0 = Debug|Any CPU
		{31014AEA-B5CB-4836-B3CF-507E06311F49}.Debug|iPhone.ActiveCfg = Debug|Any CPU
		{31014AEA-B5CB-4836-B3CF-507E06311F49}.Debug|iPhone.Build.0 = Debug|Any CPU
		{31014AEA-B5CB-4836-B3CF-507E06311F49}.Debug|iPhone.Deploy.0 = Debug|Any CPU
		{31014AEA-B5CB-4836-B3CF-507E06311F49}.Debug|iPhoneSimulator.ActiveCfg = Debug|Any CPU
		{31014AEA-B5CB-4836-B3CF-507E06311F49}.Debug|iPhoneSimulator.Build.0 = Debug|Any CPU
		{31014AEA-B5CB-4836-B3CF-507E06311F49}.Debug|iPhoneSimulator.Deploy.0 = Debug|Any CPU
		{31014AEA-B5CB-4836-B3CF-507E06311F49}.Debug|x64.ActiveCfg = Debug|Any CPU
		{31014AEA-B5CB-4836-B3CF-507E06311F49}.Debug|x64.Build.0 = Debug|Any CPU
		{31014AEA-B5CB-4836-B3CF-507E06311F49}.Debug|x64.Deploy.0 = Debug|Any CPU
		{31014AEA-B5CB-4836-B3CF-507E06311F49}.Debug|x86.ActiveCfg = Debug|Any CPU
		{31014AEA-B5CB-4836-B3CF-507E06311F49}.Debug|x86.Build.0 = Debug|Any CPU
		{31014AEA-B5CB-4836-B3CF-507E06311F49}.Debug|x86.Deploy.0 = Debug|Any CPU
		{31014AEA-B5CB-4836-B3CF-507E06311F49}.Release|Any CPU.ActiveCfg = Release|Any CPU
		{31014AEA-B5CB-4836-B3CF-507E06311F49}.Release|Any CPU.Build.0 = Release|Any CPU
		{31014AEA-B5CB-4836-B3CF-507E06311F49}.Release|Any CPU.Deploy.0 = Release|Any CPU
		{31014AEA-B5CB-4836-B3CF-507E06311F49}.Release|ARM.ActiveCfg = Release|Any CPU
		{31014AEA-B5CB-4836-B3CF-507E06311F49}.Release|ARM.Build.0 = Release|Any CPU
		{31014AEA-B5CB-4836-B3CF-507E06311F49}.Release|ARM.Deploy.0 = Release|Any CPU
		{31014AEA-B5CB-4836-B3CF-507E06311F49}.Release|iPhone.ActiveCfg = Release|Any CPU
		{31014AEA-B5CB-4836-B3CF-507E06311F49}.Release|iPhone.Build.0 = Release|Any CPU
		{31014AEA-B5CB-4836-B3CF-507E06311F49}.Release|iPhone.Deploy.0 = Release|Any CPU
		{31014AEA-B5CB-4836-B3CF-507E06311F49}.Release|iPhoneSimulator.ActiveCfg = Release|Any CPU
		{31014AEA-B5CB-4836-B3CF-507E06311F49}.Release|iPhoneSimulator.Build.0 = Release|Any CPU
		{31014AEA-B5CB-4836-B3CF-507E06311F49}.Release|iPhoneSimulator.Deploy.0 = Release|Any CPU
		{31014AEA-B5CB-4836-B3CF-507E06311F49}.Release|x64.ActiveCfg = Release|Any CPU
		{31014AEA-B5CB-4836-B3CF-507E06311F49}.Release|x64.Build.0 = Release|Any CPU
		{31014AEA-B5CB-4836-B3CF-507E06311F49}.Release|x64.Deploy.0 = Release|Any CPU
		{31014AEA-B5CB-4836-B3CF-507E06311F49}.Release|x86.ActiveCfg = Release|Any CPU
		{31014AEA-B5CB-4836-B3CF-507E06311F49}.Release|x86.Build.0 = Release|Any CPU
		{31014AEA-B5CB-4836-B3CF-507E06311F49}.Release|x86.Deploy.0 = Release|Any CPU
		{D8C87412-7F5C-4844-8012-0DB7386DD9E3}.Ad-Hoc|Any CPU.ActiveCfg = Ad-Hoc|iPhone
		{D8C87412-7F5C-4844-8012-0DB7386DD9E3}.Ad-Hoc|Any CPU.Build.0 = Ad-Hoc|iPhone
		{D8C87412-7F5C-4844-8012-0DB7386DD9E3}.Ad-Hoc|Any CPU.Deploy.0 = Ad-Hoc|iPhone
		{D8C87412-7F5C-4844-8012-0DB7386DD9E3}.Ad-Hoc|ARM.ActiveCfg = Ad-Hoc|iPhone
		{D8C87412-7F5C-4844-8012-0DB7386DD9E3}.Ad-Hoc|ARM.Build.0 = Ad-Hoc|iPhone
		{D8C87412-7F5C-4844-8012-0DB7386DD9E3}.Ad-Hoc|ARM.Deploy.0 = Ad-Hoc|iPhone
		{D8C87412-7F5C-4844-8012-0DB7386DD9E3}.Ad-Hoc|iPhone.ActiveCfg = Ad-Hoc|iPhone
		{D8C87412-7F5C-4844-8012-0DB7386DD9E3}.Ad-Hoc|iPhone.Build.0 = Ad-Hoc|iPhone
		{D8C87412-7F5C-4844-8012-0DB7386DD9E3}.Ad-Hoc|iPhone.Deploy.0 = Ad-Hoc|iPhone
		{D8C87412-7F5C-4844-8012-0DB7386DD9E3}.Ad-Hoc|iPhoneSimulator.ActiveCfg = Ad-Hoc|iPhoneSimulator
		{D8C87412-7F5C-4844-8012-0DB7386DD9E3}.Ad-Hoc|iPhoneSimulator.Build.0 = Ad-Hoc|iPhoneSimulator
		{D8C87412-7F5C-4844-8012-0DB7386DD9E3}.Ad-Hoc|iPhoneSimulator.Deploy.0 = Ad-Hoc|iPhoneSimulator
		{D8C87412-7F5C-4844-8012-0DB7386DD9E3}.Ad-Hoc|x64.ActiveCfg = Ad-Hoc|iPhone
		{D8C87412-7F5C-4844-8012-0DB7386DD9E3}.Ad-Hoc|x64.Build.0 = Ad-Hoc|iPhone
		{D8C87412-7F5C-4844-8012-0DB7386DD9E3}.Ad-Hoc|x64.Deploy.0 = Ad-Hoc|iPhone
		{D8C87412-7F5C-4844-8012-0DB7386DD9E3}.Ad-Hoc|x86.ActiveCfg = Ad-Hoc|iPhone
		{D8C87412-7F5C-4844-8012-0DB7386DD9E3}.Ad-Hoc|x86.Build.0 = Ad-Hoc|iPhone
		{D8C87412-7F5C-4844-8012-0DB7386DD9E3}.Ad-Hoc|x86.Deploy.0 = Ad-Hoc|iPhone
		{D8C87412-7F5C-4844-8012-0DB7386DD9E3}.AppStore|Any CPU.ActiveCfg = AppStore|iPhone
		{D8C87412-7F5C-4844-8012-0DB7386DD9E3}.AppStore|Any CPU.Build.0 = AppStore|iPhone
		{D8C87412-7F5C-4844-8012-0DB7386DD9E3}.AppStore|Any CPU.Deploy.0 = AppStore|iPhone
		{D8C87412-7F5C-4844-8012-0DB7386DD9E3}.AppStore|ARM.ActiveCfg = AppStore|iPhone
		{D8C87412-7F5C-4844-8012-0DB7386DD9E3}.AppStore|ARM.Build.0 = AppStore|iPhone
		{D8C87412-7F5C-4844-8012-0DB7386DD9E3}.AppStore|ARM.Deploy.0 = AppStore|iPhone
		{D8C87412-7F5C-4844-8012-0DB7386DD9E3}.AppStore|iPhone.ActiveCfg = AppStore|iPhone
		{D8C87412-7F5C-4844-8012-0DB7386DD9E3}.AppStore|iPhone.Build.0 = AppStore|iPhone
		{D8C87412-7F5C-4844-8012-0DB7386DD9E3}.AppStore|iPhone.Deploy.0 = AppStore|iPhone
		{D8C87412-7F5C-4844-8012-0DB7386DD9E3}.AppStore|iPhoneSimulator.ActiveCfg = AppStore|iPhoneSimulator
		{D8C87412-7F5C-4844-8012-0DB7386DD9E3}.AppStore|iPhoneSimulator.Build.0 = AppStore|iPhoneSimulator
		{D8C87412-7F5C-4844-8012-0DB7386DD9E3}.AppStore|iPhoneSimulator.Deploy.0 = AppStore|iPhoneSimulator
		{D8C87412-7F5C-4844-8012-0DB7386DD9E3}.AppStore|x64.ActiveCfg = AppStore|iPhone
		{D8C87412-7F5C-4844-8012-0DB7386DD9E3}.AppStore|x64.Build.0 = AppStore|iPhone
		{D8C87412-7F5C-4844-8012-0DB7386DD9E3}.AppStore|x64.Deploy.0 = AppStore|iPhone
		{D8C87412-7F5C-4844-8012-0DB7386DD9E3}.AppStore|x86.ActiveCfg = AppStore|iPhone
		{D8C87412-7F5C-4844-8012-0DB7386DD9E3}.AppStore|x86.Build.0 = AppStore|iPhone
		{D8C87412-7F5C-4844-8012-0DB7386DD9E3}.AppStore|x86.Deploy.0 = AppStore|iPhone
		{D8C87412-7F5C-4844-8012-0DB7386DD9E3}.Debug|Any CPU.ActiveCfg = Debug|iPhoneSimulator
		{D8C87412-7F5C-4844-8012-0DB7386DD9E3}.Debug|Any CPU.Build.0 = Debug|iPhoneSimulator
		{D8C87412-7F5C-4844-8012-0DB7386DD9E3}.Debug|Any CPU.Deploy.0 = Debug|iPhoneSimulator
		{D8C87412-7F5C-4844-8012-0DB7386DD9E3}.Debug|ARM.ActiveCfg = Debug|iPhone
		{D8C87412-7F5C-4844-8012-0DB7386DD9E3}.Debug|ARM.Build.0 = Debug|iPhone
		{D8C87412-7F5C-4844-8012-0DB7386DD9E3}.Debug|ARM.Deploy.0 = Debug|iPhone
		{D8C87412-7F5C-4844-8012-0DB7386DD9E3}.Debug|iPhone.ActiveCfg = Debug|iPhone
		{D8C87412-7F5C-4844-8012-0DB7386DD9E3}.Debug|iPhone.Build.0 = Debug|iPhone
		{D8C87412-7F5C-4844-8012-0DB7386DD9E3}.Debug|iPhone.Deploy.0 = Debug|iPhone
		{D8C87412-7F5C-4844-8012-0DB7386DD9E3}.Debug|iPhoneSimulator.ActiveCfg = Debug|iPhoneSimulator
		{D8C87412-7F5C-4844-8012-0DB7386DD9E3}.Debug|iPhoneSimulator.Build.0 = Debug|iPhoneSimulator
		{D8C87412-7F5C-4844-8012-0DB7386DD9E3}.Debug|iPhoneSimulator.Deploy.0 = Debug|iPhoneSimulator
		{D8C87412-7F5C-4844-8012-0DB7386DD9E3}.Debug|x64.ActiveCfg = Debug|iPhone
		{D8C87412-7F5C-4844-8012-0DB7386DD9E3}.Debug|x64.Build.0 = Debug|iPhone
		{D8C87412-7F5C-4844-8012-0DB7386DD9E3}.Debug|x64.Deploy.0 = Debug|iPhone
		{D8C87412-7F5C-4844-8012-0DB7386DD9E3}.Debug|x86.ActiveCfg = Debug|iPhone
		{D8C87412-7F5C-4844-8012-0DB7386DD9E3}.Debug|x86.Build.0 = Debug|iPhone
		{D8C87412-7F5C-4844-8012-0DB7386DD9E3}.Debug|x86.Deploy.0 = Debug|iPhone
		{D8C87412-7F5C-4844-8012-0DB7386DD9E3}.Release|Any CPU.ActiveCfg = Release|iPhone
		{D8C87412-7F5C-4844-8012-0DB7386DD9E3}.Release|Any CPU.Build.0 = Release|iPhone
		{D8C87412-7F5C-4844-8012-0DB7386DD9E3}.Release|Any CPU.Deploy.0 = Release|iPhone
		{D8C87412-7F5C-4844-8012-0DB7386DD9E3}.Release|ARM.ActiveCfg = Release|iPhone
		{D8C87412-7F5C-4844-8012-0DB7386DD9E3}.Release|ARM.Build.0 = Release|iPhone
		{D8C87412-7F5C-4844-8012-0DB7386DD9E3}.Release|ARM.Deploy.0 = Release|iPhone
		{D8C87412-7F5C-4844-8012-0DB7386DD9E3}.Release|iPhone.ActiveCfg = Release|iPhone
		{D8C87412-7F5C-4844-8012-0DB7386DD9E3}.Release|iPhone.Build.0 = Release|iPhone
		{D8C87412-7F5C-4844-8012-0DB7386DD9E3}.Release|iPhone.Deploy.0 = Release|iPhone
		{D8C87412-7F5C-4844-8012-0DB7386DD9E3}.Release|iPhoneSimulator.ActiveCfg = Release|iPhoneSimulator
		{D8C87412-7F5C-4844-8012-0DB7386DD9E3}.Release|iPhoneSimulator.Build.0 = Release|iPhoneSimulator
		{D8C87412-7F5C-4844-8012-0DB7386DD9E3}.Release|iPhoneSimulator.Deploy.0 = Release|iPhoneSimulator
		{D8C87412-7F5C-4844-8012-0DB7386DD9E3}.Release|x64.ActiveCfg = Release|iPhone
		{D8C87412-7F5C-4844-8012-0DB7386DD9E3}.Release|x64.Build.0 = Release|iPhone
		{D8C87412-7F5C-4844-8012-0DB7386DD9E3}.Release|x64.Deploy.0 = Release|iPhone
		{D8C87412-7F5C-4844-8012-0DB7386DD9E3}.Release|x86.ActiveCfg = Release|iPhone
		{D8C87412-7F5C-4844-8012-0DB7386DD9E3}.Release|x86.Build.0 = Release|iPhone
		{D8C87412-7F5C-4844-8012-0DB7386DD9E3}.Release|x86.Deploy.0 = Release|iPhone
		{03CFBC08-7AAD-4000-9D1C-639DE6AEDEE0}.Ad-Hoc|Any CPU.ActiveCfg = Release|x86
		{03CFBC08-7AAD-4000-9D1C-639DE6AEDEE0}.Ad-Hoc|Any CPU.Build.0 = Release|x86
		{03CFBC08-7AAD-4000-9D1C-639DE6AEDEE0}.Ad-Hoc|Any CPU.Deploy.0 = Release|x86
		{03CFBC08-7AAD-4000-9D1C-639DE6AEDEE0}.Ad-Hoc|ARM.ActiveCfg = Release|ARM
		{03CFBC08-7AAD-4000-9D1C-639DE6AEDEE0}.Ad-Hoc|ARM.Build.0 = Release|ARM
		{03CFBC08-7AAD-4000-9D1C-639DE6AEDEE0}.Ad-Hoc|ARM.Deploy.0 = Release|ARM
		{03CFBC08-7AAD-4000-9D1C-639DE6AEDEE0}.Ad-Hoc|iPhone.ActiveCfg = Release|x86
		{03CFBC08-7AAD-4000-9D1C-639DE6AEDEE0}.Ad-Hoc|iPhone.Build.0 = Release|x86
		{03CFBC08-7AAD-4000-9D1C-639DE6AEDEE0}.Ad-Hoc|iPhone.Deploy.0 = Release|x86
		{03CFBC08-7AAD-4000-9D1C-639DE6AEDEE0}.Ad-Hoc|iPhoneSimulator.ActiveCfg = Release|x86
		{03CFBC08-7AAD-4000-9D1C-639DE6AEDEE0}.Ad-Hoc|iPhoneSimulator.Build.0 = Release|x86
		{03CFBC08-7AAD-4000-9D1C-639DE6AEDEE0}.Ad-Hoc|iPhoneSimulator.Deploy.0 = Release|x86
		{03CFBC08-7AAD-4000-9D1C-639DE6AEDEE0}.Ad-Hoc|x64.ActiveCfg = Release|x64
		{03CFBC08-7AAD-4000-9D1C-639DE6AEDEE0}.Ad-Hoc|x64.Build.0 = Release|x64
		{03CFBC08-7AAD-4000-9D1C-639DE6AEDEE0}.Ad-Hoc|x64.Deploy.0 = Release|x64
		{03CFBC08-7AAD-4000-9D1C-639DE6AEDEE0}.Ad-Hoc|x86.ActiveCfg = Release|x86
		{03CFBC08-7AAD-4000-9D1C-639DE6AEDEE0}.Ad-Hoc|x86.Build.0 = Release|x86
		{03CFBC08-7AAD-4000-9D1C-639DE6AEDEE0}.Ad-Hoc|x86.Deploy.0 = Release|x86
		{03CFBC08-7AAD-4000-9D1C-639DE6AEDEE0}.AppStore|Any CPU.ActiveCfg = Release|x86
		{03CFBC08-7AAD-4000-9D1C-639DE6AEDEE0}.AppStore|Any CPU.Build.0 = Release|x86
		{03CFBC08-7AAD-4000-9D1C-639DE6AEDEE0}.AppStore|Any CPU.Deploy.0 = Release|x86
		{03CFBC08-7AAD-4000-9D1C-639DE6AEDEE0}.AppStore|ARM.ActiveCfg = Release|ARM
		{03CFBC08-7AAD-4000-9D1C-639DE6AEDEE0}.AppStore|ARM.Build.0 = Release|ARM
		{03CFBC08-7AAD-4000-9D1C-639DE6AEDEE0}.AppStore|ARM.Deploy.0 = Release|ARM
		{03CFBC08-7AAD-4000-9D1C-639DE6AEDEE0}.AppStore|iPhone.ActiveCfg = Release|x86
		{03CFBC08-7AAD-4000-9D1C-639DE6AEDEE0}.AppStore|iPhone.Build.0 = Release|x86
		{03CFBC08-7AAD-4000-9D1C-639DE6AEDEE0}.AppStore|iPhone.Deploy.0 = Release|x86
		{03CFBC08-7AAD-4000-9D1C-639DE6AEDEE0}.AppStore|iPhoneSimulator.ActiveCfg = Release|x86
		{03CFBC08-7AAD-4000-9D1C-639DE6AEDEE0}.AppStore|iPhoneSimulator.Build.0 = Release|x86
		{03CFBC08-7AAD-4000-9D1C-639DE6AEDEE0}.AppStore|iPhoneSimulator.Deploy.0 = Release|x86
		{03CFBC08-7AAD-4000-9D1C-639DE6AEDEE0}.AppStore|x64.ActiveCfg = Release|x64
		{03CFBC08-7AAD-4000-9D1C-639DE6AEDEE0}.AppStore|x64.Build.0 = Release|x64
		{03CFBC08-7AAD-4000-9D1C-639DE6AEDEE0}.AppStore|x64.Deploy.0 = Release|x64
		{03CFBC08-7AAD-4000-9D1C-639DE6AEDEE0}.AppStore|x86.ActiveCfg = Release|x86
		{03CFBC08-7AAD-4000-9D1C-639DE6AEDEE0}.AppStore|x86.Build.0 = Release|x86
		{03CFBC08-7AAD-4000-9D1C-639DE6AEDEE0}.AppStore|x86.Deploy.0 = Release|x86
		{03CFBC08-7AAD-4000-9D1C-639DE6AEDEE0}.Debug|Any CPU.ActiveCfg = Debug|x86
		{03CFBC08-7AAD-4000-9D1C-639DE6AEDEE0}.Debug|Any CPU.Build.0 = Debug|x86
		{03CFBC08-7AAD-4000-9D1C-639DE6AEDEE0}.Debug|Any CPU.Deploy.0 = Debug|x86
		{03CFBC08-7AAD-4000-9D1C-639DE6AEDEE0}.Debug|ARM.ActiveCfg = Debug|ARM
		{03CFBC08-7AAD-4000-9D1C-639DE6AEDEE0}.Debug|ARM.Build.0 = Debug|ARM
		{03CFBC08-7AAD-4000-9D1C-639DE6AEDEE0}.Debug|ARM.Deploy.0 = Debug|ARM
		{03CFBC08-7AAD-4000-9D1C-639DE6AEDEE0}.Debug|iPhone.ActiveCfg = Debug|x86
		{03CFBC08-7AAD-4000-9D1C-639DE6AEDEE0}.Debug|iPhone.Build.0 = Debug|x86
		{03CFBC08-7AAD-4000-9D1C-639DE6AEDEE0}.Debug|iPhone.Deploy.0 = Debug|x86
		{03CFBC08-7AAD-4000-9D1C-639DE6AEDEE0}.Debug|iPhoneSimulator.ActiveCfg = Debug|x86
		{03CFBC08-7AAD-4000-9D1C-639DE6AEDEE0}.Debug|iPhoneSimulator.Build.0 = Debug|x86
		{03CFBC08-7AAD-4000-9D1C-639DE6AEDEE0}.Debug|iPhoneSimulator.Deploy.0 = Debug|x86
		{03CFBC08-7AAD-4000-9D1C-639DE6AEDEE0}.Debug|x64.ActiveCfg = Debug|x64
		{03CFBC08-7AAD-4000-9D1C-639DE6AEDEE0}.Debug|x64.Build.0 = Debug|x64
		{03CFBC08-7AAD-4000-9D1C-639DE6AEDEE0}.Debug|x64.Deploy.0 = Debug|x64
		{03CFBC08-7AAD-4000-9D1C-639DE6AEDEE0}.Debug|x86.ActiveCfg = Debug|x86
		{03CFBC08-7AAD-4000-9D1C-639DE6AEDEE0}.Debug|x86.Build.0 = Debug|x86
		{03CFBC08-7AAD-4000-9D1C-639DE6AEDEE0}.Debug|x86.Deploy.0 = Debug|x86
		{03CFBC08-7AAD-4000-9D1C-639DE6AEDEE0}.Release|Any CPU.ActiveCfg = Release|x86
		{03CFBC08-7AAD-4000-9D1C-639DE6AEDEE0}.Release|Any CPU.Build.0 = Release|x86
		{03CFBC08-7AAD-4000-9D1C-639DE6AEDEE0}.Release|Any CPU.Deploy.0 = Release|x86
		{03CFBC08-7AAD-4000-9D1C-639DE6AEDEE0}.Release|ARM.ActiveCfg = Release|ARM
		{03CFBC08-7AAD-4000-9D1C-639DE6AEDEE0}.Release|ARM.Build.0 = Release|ARM
		{03CFBC08-7AAD-4000-9D1C-639DE6AEDEE0}.Release|ARM.Deploy.0 = Release|ARM
		{03CFBC08-7AAD-4000-9D1C-639DE6AEDEE0}.Release|iPhone.ActiveCfg = Release|x86
		{03CFBC08-7AAD-4000-9D1C-639DE6AEDEE0}.Release|iPhone.Build.0 = Release|x86
		{03CFBC08-7AAD-4000-9D1C-639DE6AEDEE0}.Release|iPhone.Deploy.0 = Release|x86
		{03CFBC08-7AAD-4000-9D1C-639DE6AEDEE0}.Release|iPhoneSimulator.ActiveCfg = Release|x86
		{03CFBC08-7AAD-4000-9D1C-639DE6AEDEE0}.Release|iPhoneSimulator.Build.0 = Release|x86
		{03CFBC08-7AAD-4000-9D1C-639DE6AEDEE0}.Release|iPhoneSimulator.Deploy.0 = Release|x86
		{03CFBC08-7AAD-4000-9D1C-639DE6AEDEE0}.Release|x64.ActiveCfg = Release|x64
		{03CFBC08-7AAD-4000-9D1C-639DE6AEDEE0}.Release|x64.Build.0 = Release|x64
		{03CFBC08-7AAD-4000-9D1C-639DE6AEDEE0}.Release|x64.Deploy.0 = Release|x64
		{03CFBC08-7AAD-4000-9D1C-639DE6AEDEE0}.Release|x86.ActiveCfg = Release|x86
		{03CFBC08-7AAD-4000-9D1C-639DE6AEDEE0}.Release|x86.Build.0 = Release|x86
		{03CFBC08-7AAD-4000-9D1C-639DE6AEDEE0}.Release|x86.Deploy.0 = Release|x86
		{AAC19F77-1CCF-4AE0-8552-E5D1E3D4F882}.Ad-Hoc|Any CPU.ActiveCfg = Debug|Any CPU
		{AAC19F77-1CCF-4AE0-8552-E5D1E3D4F882}.Ad-Hoc|Any CPU.Build.0 = Debug|Any CPU
		{AAC19F77-1CCF-4AE0-8552-E5D1E3D4F882}.Ad-Hoc|Any CPU.Deploy.0 = Debug|Any CPU
		{AAC19F77-1CCF-4AE0-8552-E5D1E3D4F882}.Ad-Hoc|ARM.ActiveCfg = Debug|Any CPU
		{AAC19F77-1CCF-4AE0-8552-E5D1E3D4F882}.Ad-Hoc|ARM.Build.0 = Debug|Any CPU
		{AAC19F77-1CCF-4AE0-8552-E5D1E3D4F882}.Ad-Hoc|ARM.Deploy.0 = Debug|Any CPU
		{AAC19F77-1CCF-4AE0-8552-E5D1E3D4F882}.Ad-Hoc|iPhone.ActiveCfg = Debug|Any CPU
		{AAC19F77-1CCF-4AE0-8552-E5D1E3D4F882}.Ad-Hoc|iPhone.Build.0 = Debug|Any CPU
		{AAC19F77-1CCF-4AE0-8552-E5D1E3D4F882}.Ad-Hoc|iPhone.Deploy.0 = Debug|Any CPU
		{AAC19F77-1CCF-4AE0-8552-E5D1E3D4F882}.Ad-Hoc|iPhoneSimulator.ActiveCfg = Debug|Any CPU
		{AAC19F77-1CCF-4AE0-8552-E5D1E3D4F882}.Ad-Hoc|iPhoneSimulator.Build.0 = Debug|Any CPU
		{AAC19F77-1CCF-4AE0-8552-E5D1E3D4F882}.Ad-Hoc|iPhoneSimulator.Deploy.0 = Debug|Any CPU
		{AAC19F77-1CCF-4AE0-8552-E5D1E3D4F882}.Ad-Hoc|x64.ActiveCfg = Debug|Any CPU
		{AAC19F77-1CCF-4AE0-8552-E5D1E3D4F882}.Ad-Hoc|x64.Build.0 = Debug|Any CPU
		{AAC19F77-1CCF-4AE0-8552-E5D1E3D4F882}.Ad-Hoc|x64.Deploy.0 = Debug|Any CPU
		{AAC19F77-1CCF-4AE0-8552-E5D1E3D4F882}.Ad-Hoc|x86.ActiveCfg = Debug|Any CPU
		{AAC19F77-1CCF-4AE0-8552-E5D1E3D4F882}.Ad-Hoc|x86.Build.0 = Debug|Any CPU
		{AAC19F77-1CCF-4AE0-8552-E5D1E3D4F882}.Ad-Hoc|x86.Deploy.0 = Debug|Any CPU
		{AAC19F77-1CCF-4AE0-8552-E5D1E3D4F882}.AppStore|Any CPU.ActiveCfg = Debug|Any CPU
		{AAC19F77-1CCF-4AE0-8552-E5D1E3D4F882}.AppStore|Any CPU.Build.0 = Debug|Any CPU
		{AAC19F77-1CCF-4AE0-8552-E5D1E3D4F882}.AppStore|Any CPU.Deploy.0 = Debug|Any CPU
		{AAC19F77-1CCF-4AE0-8552-E5D1E3D4F882}.AppStore|ARM.ActiveCfg = Debug|Any CPU
		{AAC19F77-1CCF-4AE0-8552-E5D1E3D4F882}.AppStore|ARM.Build.0 = Debug|Any CPU
		{AAC19F77-1CCF-4AE0-8552-E5D1E3D4F882}.AppStore|ARM.Deploy.0 = Debug|Any CPU
		{AAC19F77-1CCF-4AE0-8552-E5D1E3D4F882}.AppStore|iPhone.ActiveCfg = Debug|Any CPU
		{AAC19F77-1CCF-4AE0-8552-E5D1E3D4F882}.AppStore|iPhone.Build.0 = Debug|Any CPU
		{AAC19F77-1CCF-4AE0-8552-E5D1E3D4F882}.AppStore|iPhone.Deploy.0 = Debug|Any CPU
		{AAC19F77-1CCF-4AE0-8552-E5D1E3D4F882}.AppStore|iPhoneSimulator.ActiveCfg = Debug|Any CPU
		{AAC19F77-1CCF-4AE0-8552-E5D1E3D4F882}.AppStore|iPhoneSimulator.Build.0 = Debug|Any CPU
		{AAC19F77-1CCF-4AE0-8552-E5D1E3D4F882}.AppStore|iPhoneSimulator.Deploy.0 = Debug|Any CPU
		{AAC19F77-1CCF-4AE0-8552-E5D1E3D4F882}.AppStore|x64.ActiveCfg = Debug|Any CPU
		{AAC19F77-1CCF-4AE0-8552-E5D1E3D4F882}.AppStore|x64.Build.0 = Debug|Any CPU
		{AAC19F77-1CCF-4AE0-8552-E5D1E3D4F882}.AppStore|x64.Deploy.0 = Debug|Any CPU
		{AAC19F77-1CCF-4AE0-8552-E5D1E3D4F882}.AppStore|x86.ActiveCfg = Debug|Any CPU
		{AAC19F77-1CCF-4AE0-8552-E5D1E3D4F882}.AppStore|x86.Build.0 = Debug|Any CPU
		{AAC19F77-1CCF-4AE0-8552-E5D1E3D4F882}.AppStore|x86.Deploy.0 = Debug|Any CPU
		{AAC19F77-1CCF-4AE0-8552-E5D1E3D4F882}.Debug|Any CPU.ActiveCfg = Debug|Any CPU
		{AAC19F77-1CCF-4AE0-8552-E5D1E3D4F882}.Debug|Any CPU.Build.0 = Debug|Any CPU
		{AAC19F77-1CCF-4AE0-8552-E5D1E3D4F882}.Debug|Any CPU.Deploy.0 = Debug|Any CPU
		{AAC19F77-1CCF-4AE0-8552-E5D1E3D4F882}.Debug|ARM.ActiveCfg = Debug|Any CPU
		{AAC19F77-1CCF-4AE0-8552-E5D1E3D4F882}.Debug|ARM.Build.0 = Debug|Any CPU
		{AAC19F77-1CCF-4AE0-8552-E5D1E3D4F882}.Debug|ARM.Deploy.0 = Debug|Any CPU
		{AAC19F77-1CCF-4AE0-8552-E5D1E3D4F882}.Debug|iPhone.ActiveCfg = Debug|Any CPU
		{AAC19F77-1CCF-4AE0-8552-E5D1E3D4F882}.Debug|iPhone.Build.0 = Debug|Any CPU
		{AAC19F77-1CCF-4AE0-8552-E5D1E3D4F882}.Debug|iPhone.Deploy.0 = Debug|Any CPU
		{AAC19F77-1CCF-4AE0-8552-E5D1E3D4F882}.Debug|iPhoneSimulator.ActiveCfg = Debug|Any CPU
		{AAC19F77-1CCF-4AE0-8552-E5D1E3D4F882}.Debug|iPhoneSimulator.Build.0 = Debug|Any CPU
		{AAC19F77-1CCF-4AE0-8552-E5D1E3D4F882}.Debug|iPhoneSimulator.Deploy.0 = Debug|Any CPU
		{AAC19F77-1CCF-4AE0-8552-E5D1E3D4F882}.Debug|x64.ActiveCfg = Debug|Any CPU
		{AAC19F77-1CCF-4AE0-8552-E5D1E3D4F882}.Debug|x64.Build.0 = Debug|Any CPU
		{AAC19F77-1CCF-4AE0-8552-E5D1E3D4F882}.Debug|x64.Deploy.0 = Debug|Any CPU
		{AAC19F77-1CCF-4AE0-8552-E5D1E3D4F882}.Debug|x86.ActiveCfg = Debug|Any CPU
		{AAC19F77-1CCF-4AE0-8552-E5D1E3D4F882}.Debug|x86.Build.0 = Debug|Any CPU
		{AAC19F77-1CCF-4AE0-8552-E5D1E3D4F882}.Debug|x86.Deploy.0 = Debug|Any CPU
		{AAC19F77-1CCF-4AE0-8552-E5D1E3D4F882}.Release|Any CPU.ActiveCfg = Release|Any CPU
		{AAC19F77-1CCF-4AE0-8552-E5D1E3D4F882}.Release|Any CPU.Build.0 = Release|Any CPU
		{AAC19F77-1CCF-4AE0-8552-E5D1E3D4F882}.Release|Any CPU.Deploy.0 = Release|Any CPU
		{AAC19F77-1CCF-4AE0-8552-E5D1E3D4F882}.Release|ARM.ActiveCfg = Release|Any CPU
		{AAC19F77-1CCF-4AE0-8552-E5D1E3D4F882}.Release|ARM.Build.0 = Release|Any CPU
		{AAC19F77-1CCF-4AE0-8552-E5D1E3D4F882}.Release|ARM.Deploy.0 = Release|Any CPU
		{AAC19F77-1CCF-4AE0-8552-E5D1E3D4F882}.Release|iPhone.ActiveCfg = Release|Any CPU
		{AAC19F77-1CCF-4AE0-8552-E5D1E3D4F882}.Release|iPhone.Build.0 = Release|Any CPU
		{AAC19F77-1CCF-4AE0-8552-E5D1E3D4F882}.Release|iPhone.Deploy.0 = Release|Any CPU
		{AAC19F77-1CCF-4AE0-8552-E5D1E3D4F882}.Release|iPhoneSimulator.ActiveCfg = Release|Any CPU
		{AAC19F77-1CCF-4AE0-8552-E5D1E3D4F882}.Release|iPhoneSimulator.Build.0 = Release|Any CPU
		{AAC19F77-1CCF-4AE0-8552-E5D1E3D4F882}.Release|iPhoneSimulator.Deploy.0 = Release|Any CPU
		{AAC19F77-1CCF-4AE0-8552-E5D1E3D4F882}.Release|x64.ActiveCfg = Release|Any CPU
		{AAC19F77-1CCF-4AE0-8552-E5D1E3D4F882}.Release|x64.Build.0 = Release|Any CPU
		{AAC19F77-1CCF-4AE0-8552-E5D1E3D4F882}.Release|x64.Deploy.0 = Release|Any CPU
		{AAC19F77-1CCF-4AE0-8552-E5D1E3D4F882}.Release|x86.ActiveCfg = Release|Any CPU
		{AAC19F77-1CCF-4AE0-8552-E5D1E3D4F882}.Release|x86.Build.0 = Release|Any CPU
		{AAC19F77-1CCF-4AE0-8552-E5D1E3D4F882}.Release|x86.Deploy.0 = Release|Any CPU
	EndGlobalSection
	GlobalSection(SolutionProperties) = preSolution
		HideSolutionNode = FALSE
	EndGlobalSection
	GlobalSection(ExtensibilityGlobals) = postSolution
		SolutionGuid = {731C5CAF-AD9C-4838-84D0-A7F11AF946DF}
	EndGlobalSection
EndGlobal
